
Microsoft Visual Studio Solution File, Format Version 12.00
# Visual Studio Version 16
VisualStudioVersion = 16.0.29521.150
MinimumVisualStudioVersion = 10.0.40219.1
Project("{9A19103F-16F7-4668-BE54-9A1E7A4F7556}") = "Essiq.Showroom.Server", "Essiq.Showroom\Server\Essiq.Showroom.Server.csproj", "{51BFC9F0-86EE-481D-8B01-3717898AC073}"
EndProject
Project("{9A19103F-16F7-4668-BE54-9A1E7A4F7556}") = "Essiq.Showroom.Client", "Essiq.Showroom\Client\Essiq.Showroom.Client.csproj", "{AE607C64-38DE-4237-9D76-AE2FBA609D64}"
EndProject
Project("{9A19103F-16F7-4668-BE54-9A1E7A4F7556}") = "Essiq.Showroom.Server.Client", "Essiq.Showroom\Essiq.Showroom.Server.Client\Essiq.Showroom.Server.Client.csproj", "{70E9C7F3-5AE7-4D4C-B53F-F9BA999C2BD4}"
EndProject
Project("{2150E333-8FDC-42A3-9474-1A3956D46DE8}") = "Solution Items", "Solution Items", "{48E0A7F9-DA02-43BC-9890-47052D692B0A}"
	ProjectSection(SolutionItems) = preProject
		.editorconfig = .editorconfig
		.gitignore = .gitignore
		README.md = README.md
	EndProjectSection
EndProject
Project("{D954291E-2A0B-460D-934E-DC6B0785DB48}") = "Essiq.Showroom.Shared", "Essiq.Showroom\Shared\Essiq.Showroom.Shared.shproj", "{46D26678-5644-41C5-AC3F-28870BCCD9E1}"
EndProject
Project("{9A19103F-16F7-4668-BE54-9A1E7A4F7556}") = "Essiq.Showroom.Server.Tests", "Essiq.Showroom\Essiq.Showroom.Server.Tests\Essiq.Showroom.Server.Tests.csproj", "{FD9B4B4E-097A-4820-B774-827D754E1ABF}"
EndProject
Project("{9A19103F-16F7-4668-BE54-9A1E7A4F7556}") = "Brand", "Brand\Brand.csproj", "{F85A7FA5-4336-4469-87F7-0404B3F8C9B9}"
EndProject
Global
	GlobalSection(SharedMSBuildProjectFiles) = preSolution
		Essiq.Showroom\Shared\Shared.projitems*{46d26678-5644-41c5-ac3f-28870bccd9e1}*SharedItemsImports = 13
	EndGlobalSection
	GlobalSection(SolutionConfigurationPlatforms) = preSolution
		API|Any CPU = API|Any CPU
		API|x86 = API|x86
		Debug|Any CPU = Debug|Any CPU
		Debug|x86 = Debug|x86
		Release|Any CPU = Release|Any CPU
		Release|x86 = Release|x86
	EndGlobalSection
	GlobalSection(ProjectConfigurationPlatforms) = postSolution
		{51BFC9F0-86EE-481D-8B01-3717898AC073}.API|Any CPU.ActiveCfg = API|Any CPU
		{51BFC9F0-86EE-481D-8B01-3717898AC073}.API|Any CPU.Build.0 = API|Any CPU
		{51BFC9F0-86EE-481D-8B01-3717898AC073}.API|x86.ActiveCfg = API|Any CPU
		{51BFC9F0-86EE-481D-8B01-3717898AC073}.API|x86.Build.0 = API|Any CPU
		{51BFC9F0-86EE-481D-8B01-3717898AC073}.Debug|Any CPU.ActiveCfg = Debug|Any CPU
		{51BFC9F0-86EE-481D-8B01-3717898AC073}.Debug|Any CPU.Build.0 = Debug|Any CPU
		{51BFC9F0-86EE-481D-8B01-3717898AC073}.Debug|x86.ActiveCfg = Debug|Any CPU
		{51BFC9F0-86EE-481D-8B01-3717898AC073}.Debug|x86.Build.0 = Debug|Any CPU
		{51BFC9F0-86EE-481D-8B01-3717898AC073}.Release|Any CPU.ActiveCfg = Release|Any CPU
		{51BFC9F0-86EE-481D-8B01-3717898AC073}.Release|Any CPU.Build.0 = Release|Any CPU
		{51BFC9F0-86EE-481D-8B01-3717898AC073}.Release|x86.ActiveCfg = Release|Any CPU
		{51BFC9F0-86EE-481D-8B01-3717898AC073}.Release|x86.Build.0 = Release|Any CPU
		{AE607C64-38DE-4237-9D76-AE2FBA609D64}.API|Any CPU.ActiveCfg = Release|Any CPU
		{AE607C64-38DE-4237-9D76-AE2FBA609D64}.API|x86.ActiveCfg = Debug|Any CPU
		{AE607C64-38DE-4237-9D76-AE2FBA609D64}.API|x86.Build.0 = Debug|Any CPU
		{AE607C64-38DE-4237-9D76-AE2FBA609D64}.Debug|Any CPU.ActiveCfg = Debug|Any CPU
		{AE607C64-38DE-4237-9D76-AE2FBA609D64}.Debug|Any CPU.Build.0 = Debug|Any CPU
		{AE607C64-38DE-4237-9D76-AE2FBA609D64}.Debug|x86.ActiveCfg = Debug|Any CPU
		{AE607C64-38DE-4237-9D76-AE2FBA609D64}.Debug|x86.Build.0 = Debug|Any CPU
		{AE607C64-38DE-4237-9D76-AE2FBA609D64}.Release|Any CPU.ActiveCfg = Release|Any CPU
		{AE607C64-38DE-4237-9D76-AE2FBA609D64}.Release|Any CPU.Build.0 = Release|Any CPU
		{AE607C64-38DE-4237-9D76-AE2FBA609D64}.Release|x86.ActiveCfg = Release|Any CPU
		{AE607C64-38DE-4237-9D76-AE2FBA609D64}.Release|x86.Build.0 = Release|Any CPU
		{70E9C7F3-5AE7-4D4C-B53F-F9BA999C2BD4}.API|Any CPU.ActiveCfg = API|Any CPU
		{70E9C7F3-5AE7-4D4C-B53F-F9BA999C2BD4}.API|Any CPU.Build.0 = API|Any CPU
		{70E9C7F3-5AE7-4D4C-B53F-F9BA999C2BD4}.API|x86.ActiveCfg = API|Any CPU
		{70E9C7F3-5AE7-4D4C-B53F-F9BA999C2BD4}.API|x86.Build.0 = API|Any CPU
		{70E9C7F3-5AE7-4D4C-B53F-F9BA999C2BD4}.Debug|Any CPU.ActiveCfg = Debug|Any CPU
		{70E9C7F3-5AE7-4D4C-B53F-F9BA999C2BD4}.Debug|Any CPU.Build.0 = Debug|Any CPU
		{70E9C7F3-5AE7-4D4C-B53F-F9BA999C2BD4}.Debug|x86.ActiveCfg = Debug|Any CPU
		{70E9C7F3-5AE7-4D4C-B53F-F9BA999C2BD4}.Debug|x86.Build.0 = Debug|Any CPU
		{70E9C7F3-5AE7-4D4C-B53F-F9BA999C2BD4}.Release|Any CPU.ActiveCfg = Release|Any CPU
		{70E9C7F3-5AE7-4D4C-B53F-F9BA999C2BD4}.Release|Any CPU.Build.0 = Release|Any CPU
		{70E9C7F3-5AE7-4D4C-B53F-F9BA999C2BD4}.Release|x86.ActiveCfg = Release|Any CPU
		{70E9C7F3-5AE7-4D4C-B53F-F9BA999C2BD4}.Release|x86.Build.0 = Release|Any CPU
		{FD9B4B4E-097A-4820-B774-827D754E1ABF}.API|Any CPU.ActiveCfg = Debug|Any CPU
		{FD9B4B4E-097A-4820-B774-827D754E1ABF}.API|Any CPU.Build.0 = Debug|Any CPU
		{FD9B4B4E-097A-4820-B774-827D754E1ABF}.API|x86.ActiveCfg = Release|Any CPU
		{FD9B4B4E-097A-4820-B774-827D754E1ABF}.API|x86.Build.0 = Release|Any CPU
		{FD9B4B4E-097A-4820-B774-827D754E1ABF}.Debug|Any CPU.ActiveCfg = Debug|Any CPU
		{FD9B4B4E-097A-4820-B774-827D754E1ABF}.Debug|Any CPU.Build.0 = Debug|Any CPU
		{FD9B4B4E-097A-4820-B774-827D754E1ABF}.Debug|x86.ActiveCfg = Debug|Any CPU
		{FD9B4B4E-097A-4820-B774-827D754E1ABF}.Debug|x86.Build.0 = Debug|Any CPU
		{FD9B4B4E-097A-4820-B774-827D754E1ABF}.Release|Any CPU.ActiveCfg = Release|Any CPU
		{FD9B4B4E-097A-4820-B774-827D754E1ABF}.Release|Any CPU.Build.0 = Release|Any CPU
		{FD9B4B4E-097A-4820-B774-827D754E1ABF}.Release|x86.ActiveCfg = Release|Any CPU
		{FD9B4B4E-097A-4820-B774-827D754E1ABF}.Release|x86.Build.0 = Release|Any CPU
		{F85A7FA5-4336-4469-87F7-0404B3F8C9B9}.API|Any CPU.ActiveCfg = Debug|Any CPU
		{F85A7FA5-4336-4469-87F7-0404B3F8C9B9}.API|Any CPU.Build.0 = Debug|Any CPU
		{F85A7FA5-4336-4469-87F7-0404B3F8C9B9}.API|x86.ActiveCfg = Debug|Any CPU
		{F85A7FA5-4336-4469-87F7-0404B3F8C9B9}.API|x86.Build.0 = Debug|Any CPU
		{F85A7FA5-4336-4469-87F7-0404B3F8C9B9}.Debug|Any CPU.ActiveCfg = Debug|Any CPU
		{F85A7FA5-4336-4469-87F7-0404B3F8C9B9}.Debug|Any CPU.Build.0 = Debug|Any CPU
		{F85A7FA5-4336-4469-87F7-0404B3F8C9B9}.Debug|x86.ActiveCfg = Debug|Any CPU
		{F85A7FA5-4336-4469-87F7-0404B3F8C9B9}.Debug|x86.Build.0 = Debug|Any CPU
		{F85A7FA5-4336-4469-87F7-0404B3F8C9B9}.Release|Any CPU.ActiveCfg = Release|Any CPU
		{F85A7FA5-4336-4469-87F7-0404B3F8C9B9}.Release|Any CPU.Build.0 = Release|Any CPU
		{F85A7FA5-4336-4469-87F7-0404B3F8C9B9}.Release|x86.ActiveCfg = Release|Any CPU
		{F85A7FA5-4336-4469-87F7-0404B3F8C9B9}.Release|x86.Build.0 = Release|Any CPU
	EndGlobalSection
	GlobalSection(SolutionProperties) = preSolution
		HideSolutionNode = FALSE
	EndGlobalSection
	GlobalSection(ExtensibilityGlobals) = postSolution
		SolutionGuid = {CED15C73-7957-4AD0-84B7-579789829EA7}
	EndGlobalSection
EndGlobal
